// !$*UTF8*$!
{
	archiveVersion = 1;
	classes = {
	};
	objectVersion = 46;
	objects = {

/* Begin PBXBuildFile section */
		910E49EF1D934E6000DC6F07 /* OLPLoginViewController.m in Sources */ = {isa = PBXBuildFile; fileRef = 910E49EE1D934E6000DC6F07 /* OLPLoginViewController.m */; };
		910E49F21D934F6700DC6F07 /* OLPWindowOverlay.m in Sources */ = {isa = PBXBuildFile; fileRef = 910E49F11D934F6700DC6F07 /* OLPWindowOverlay.m */; };
		910E49F51D934FFF00DC6F07 /* OLPUtils.m in Sources */ = {isa = PBXBuildFile; fileRef = 910E49F41D934FFF00DC6F07 /* OLPUtils.m */; };
		910E49F81D93502D00DC6F07 /* OLPConstants.m in Sources */ = {isa = PBXBuildFile; fileRef = 910E49F71D93502D00DC6F07 /* OLPConstants.m */; };
		910E49FB1D93710000DC6F07 /* BeconDevicesTableViewController.m in Sources */ = {isa = PBXBuildFile; fileRef = 910E49FA1D93710000DC6F07 /* BeconDevicesTableViewController.m */; };
		910E49FC1D93A89900DC6F07 /* IBCLoginManager.m in Sources */ = {isa = PBXBuildFile; fileRef = 910E49EB1D93424500DC6F07 /* IBCLoginManager.m */; };
		910E4A001D93B62200DC6F07 /* IBCOktaAPI.m in Sources */ = {isa = PBXBuildFile; fileRef = 910E49FF1D93B62200DC6F07 /* IBCOktaAPI.m */; };
		910E4A041D93B73500DC6F07 /* BeconRegions.m in Sources */ = {isa = PBXBuildFile; fileRef = 910E4A031D93B73500DC6F07 /* BeconRegions.m */; };
		910E4A071D93B74800DC6F07 /* BeconRegion.m in Sources */ = {isa = PBXBuildFile; fileRef = 910E4A061D93B74800DC6F07 /* BeconRegion.m */; };
		910E4A0A1D93B77A00DC6F07 /* OLPModel.m in Sources */ = {isa = PBXBuildFile; fileRef = 910E4A091D93B77A00DC6F07 /* OLPModel.m */; };
		910E4A0D1D943CDB00DC6F07 /* BeconEventPost.m in Sources */ = {isa = PBXBuildFile; fileRef = 910E4A0C1D943CDB00DC6F07 /* BeconEventPost.m */; };
		910E4A101D945A7500DC6F07 /* BeconTableViewCell.m in Sources */ = {isa = PBXBuildFile; fileRef = 910E4A0F1D945A7500DC6F07 /* BeconTableViewCell.m */; };
		9130E4811D93047100E10142 /* main.m in Sources */ = {isa = PBXBuildFile; fileRef = 9130E4801D93047100E10142 /* main.m */; };
		9130E4841D93047100E10142 /* AppDelegate.m in Sources */ = {isa = PBXBuildFile; fileRef = 9130E4831D93047100E10142 /* AppDelegate.m */; };
		9130E48A1D93047100E10142 /* Main.storyboard in Resources */ = {isa = PBXBuildFile; fileRef = 9130E4881D93047100E10142 /* Main.storyboard */; };
		9130E48C1D93047100E10142 /* Assets.xcassets in Resources */ = {isa = PBXBuildFile; fileRef = 9130E48B1D93047100E10142 /* Assets.xcassets */; };
		9130E48F1D93047100E10142 /* LaunchScreen.storyboard in Resources */ = {isa = PBXBuildFile; fileRef = 9130E48D1D93047100E10142 /* LaunchScreen.storyboard */; };
		9130E49A1D93047100E10142 /* IBeconTests.m in Sources */ = {isa = PBXBuildFile; fileRef = 9130E4991D93047100E10142 /* IBeconTests.m */; };
		9130E4A51D93047100E10142 /* IBeconUITests.m in Sources */ = {isa = PBXBuildFile; fileRef = 9130E4A41D93047100E10142 /* IBeconUITests.m */; };
		9130E4B41D93081800E10142 /* IBCLocationManager.m in Sources */ = {isa = PBXBuildFile; fileRef = 9130E4B31D93081800E10142 /* IBCLocationManager.m */; };
		914CEDB31D93322700362A74 /* IBCLaunchScreenViewController.m in Sources */ = {isa = PBXBuildFile; fileRef = 914CEDB21D93322700362A74 /* IBCLaunchScreenViewController.m */; };
		914CEDBA1D9336CB00362A74 /* OLPAPIProcessor.m in Sources */ = {isa = PBXBuildFile; fileRef = 914CEDB71D9336CB00362A74 /* OLPAPIProcessor.m */; };
		914CEDBB1D9336CB00362A74 /* OLPAPIResonse.m in Sources */ = {isa = PBXBuildFile; fileRef = 914CEDB91D9336CB00362A74 /* OLPAPIResonse.m */; };
		E032BB0F68A353A4EDB00C3A /* libPods.a in Frameworks */ = {isa = PBXBuildFile; fileRef = 6C7552C0327DE2E28EE21250 /* libPods.a */; };
/* End PBXBuildFile section */

/* Begin PBXContainerItemProxy section */
		9130E4961D93047100E10142 /* PBXContainerItemProxy */ = {
			isa = PBXContainerItemProxy;
			containerPortal = 9130E4741D93047100E10142 /* Project object */;
			proxyType = 1;
			remoteGlobalIDString = 9130E47B1D93047100E10142;
			remoteInfo = IBecon;
		};
		9130E4A11D93047100E10142 /* PBXContainerItemProxy */ = {
			isa = PBXContainerItemProxy;
			containerPortal = 9130E4741D93047100E10142 /* Project object */;
			proxyType = 1;
			remoteGlobalIDString = 9130E47B1D93047100E10142;
			remoteInfo = IBecon;
		};
/* End PBXContainerItemProxy section */

/* Begin PBXFileReference section */
		3E0E2DA20C5A62E087871E7B /* Pods.release.xcconfig */ = {isa = PBXFileReference; includeInIndex = 1; lastKnownFileType = text.xcconfig; name = Pods.release.xcconfig; path = "Pods/Target Support Files/Pods/Pods.release.xcconfig"; sourceTree = "<group>"; };
		6C7552C0327DE2E28EE21250 /* libPods.a */ = {isa = PBXFileReference; explicitFileType = archive.ar; includeInIndex = 0; path = libPods.a; sourceTree = BUILT_PRODUCTS_DIR; };
		910E49EA1D93424500DC6F07 /* IBCLoginManager.h */ = {isa = PBXFileReference; fileEncoding = 4; lastKnownFileType = sourcecode.c.h; path = IBCLoginManager.h; sourceTree = "<group>"; };
		910E49EB1D93424500DC6F07 /* IBCLoginManager.m */ = {isa = PBXFileReference; fileEncoding = 4; lastKnownFileType = sourcecode.c.objc; path = IBCLoginManager.m; sourceTree = "<group>"; };
		910E49ED1D934E6000DC6F07 /* OLPLoginViewController.h */ = {isa = PBXFileReference; fileEncoding = 4; lastKnownFileType = sourcecode.c.h; path = OLPLoginViewController.h; sourceTree = "<group>"; };
		910E49EE1D934E6000DC6F07 /* OLPLoginViewController.m */ = {isa = PBXFileReference; fileEncoding = 4; lastKnownFileType = sourcecode.c.objc; path = OLPLoginViewController.m; sourceTree = "<group>"; };
		910E49F01D934F6700DC6F07 /* OLPWindowOverlay.h */ = {isa = PBXFileReference; fileEncoding = 4; lastKnownFileType = sourcecode.c.h; path = OLPWindowOverlay.h; sourceTree = "<group>"; };
		910E49F11D934F6700DC6F07 /* OLPWindowOverlay.m */ = {isa = PBXFileReference; fileEncoding = 4; lastKnownFileType = sourcecode.c.objc; path = OLPWindowOverlay.m; sourceTree = "<group>"; };
		910E49F31D934FFF00DC6F07 /* OLPUtils.h */ = {isa = PBXFileReference; fileEncoding = 4; lastKnownFileType = sourcecode.c.h; path = OLPUtils.h; sourceTree = "<group>"; };
		910E49F41D934FFF00DC6F07 /* OLPUtils.m */ = {isa = PBXFileReference; fileEncoding = 4; lastKnownFileType = sourcecode.c.objc; path = OLPUtils.m; sourceTree = "<group>"; };
		910E49F61D93502D00DC6F07 /* OLPConstants.h */ = {isa = PBXFileReference; fileEncoding = 4; lastKnownFileType = sourcecode.c.h; path = OLPConstants.h; sourceTree = "<group>"; };
		910E49F71D93502D00DC6F07 /* OLPConstants.m */ = {isa = PBXFileReference; fileEncoding = 4; lastKnownFileType = sourcecode.c.objc; path = OLPConstants.m; sourceTree = "<group>"; };
		910E49F91D93710000DC6F07 /* BeconDevicesTableViewController.h */ = {isa = PBXFileReference; fileEncoding = 4; lastKnownFileType = sourcecode.c.h; path = BeconDevicesTableViewController.h; sourceTree = "<group>"; };
		910E49FA1D93710000DC6F07 /* BeconDevicesTableViewController.m */ = {isa = PBXFileReference; fileEncoding = 4; lastKnownFileType = sourcecode.c.objc; path = BeconDevicesTableViewController.m; sourceTree = "<group>"; };
		910E49FE1D93B62200DC6F07 /* IBCOktaAPI.h */ = {isa = PBXFileReference; fileEncoding = 4; lastKnownFileType = sourcecode.c.h; path = IBCOktaAPI.h; sourceTree = "<group>"; };
		910E49FF1D93B62200DC6F07 /* IBCOktaAPI.m */ = {isa = PBXFileReference; fileEncoding = 4; lastKnownFileType = sourcecode.c.objc; path = IBCOktaAPI.m; sourceTree = "<group>"; };
		910E4A021D93B73500DC6F07 /* BeconRegions.h */ = {isa = PBXFileReference; fileEncoding = 4; lastKnownFileType = sourcecode.c.h; path = BeconRegions.h; sourceTree = "<group>"; };
		910E4A031D93B73500DC6F07 /* BeconRegions.m */ = {isa = PBXFileReference; fileEncoding = 4; lastKnownFileType = sourcecode.c.objc; path = BeconRegions.m; sourceTree = "<group>"; };
		910E4A051D93B74800DC6F07 /* BeconRegion.h */ = {isa = PBXFileReference; fileEncoding = 4; lastKnownFileType = sourcecode.c.h; path = BeconRegion.h; sourceTree = "<group>"; };
		910E4A061D93B74800DC6F07 /* BeconRegion.m */ = {isa = PBXFileReference; fileEncoding = 4; lastKnownFileType = sourcecode.c.objc; path = BeconRegion.m; sourceTree = "<group>"; };
		910E4A081D93B77A00DC6F07 /* OLPModel.h */ = {isa = PBXFileReference; fileEncoding = 4; lastKnownFileType = sourcecode.c.h; path = OLPModel.h; sourceTree = "<group>"; };
		910E4A091D93B77A00DC6F07 /* OLPModel.m */ = {isa = PBXFileReference; fileEncoding = 4; lastKnownFileType = sourcecode.c.objc; path = OLPModel.m; sourceTree = "<group>"; };
		910E4A0B1D943CDB00DC6F07 /* BeconEventPost.h */ = {isa = PBXFileReference; fileEncoding = 4; lastKnownFileType = sourcecode.c.h; path = BeconEventPost.h; sourceTree = "<group>"; };
		910E4A0C1D943CDB00DC6F07 /* BeconEventPost.m */ = {isa = PBXFileReference; fileEncoding = 4; lastKnownFileType = sourcecode.c.objc; path = BeconEventPost.m; sourceTree = "<group>"; };
		910E4A0E1D945A7500DC6F07 /* BeconTableViewCell.h */ = {isa = PBXFileReference; fileEncoding = 4; lastKnownFileType = sourcecode.c.h; path = BeconTableViewCell.h; sourceTree = "<group>"; };
		910E4A0F1D945A7500DC6F07 /* BeconTableViewCell.m */ = {isa = PBXFileReference; fileEncoding = 4; lastKnownFileType = sourcecode.c.objc; path = BeconTableViewCell.m; sourceTree = "<group>"; };
		9130E47C1D93047100E10142 /* IBecon.app */ = {isa = PBXFileReference; explicitFileType = wrapper.application; includeInIndex = 0; path = IBecon.app; sourceTree = BUILT_PRODUCTS_DIR; };
		9130E4801D93047100E10142 /* main.m */ = {isa = PBXFileReference; lastKnownFileType = sourcecode.c.objc; path = main.m; sourceTree = "<group>"; };
		9130E4821D93047100E10142 /* AppDelegate.h */ = {isa = PBXFileReference; lastKnownFileType = sourcecode.c.h; path = AppDelegate.h; sourceTree = "<group>"; };
		9130E4831D93047100E10142 /* AppDelegate.m */ = {isa = PBXFileReference; lastKnownFileType = sourcecode.c.objc; path = AppDelegate.m; sourceTree = "<group>"; };
		9130E4891D93047100E10142 /* Base */ = {isa = PBXFileReference; lastKnownFileType = file.storyboard; name = Base; path = Base.lproj/Main.storyboard; sourceTree = "<group>"; };
		9130E48B1D93047100E10142 /* Assets.xcassets */ = {isa = PBXFileReference; lastKnownFileType = folder.assetcatalog; path = Assets.xcassets; sourceTree = "<group>"; };
		9130E48E1D93047100E10142 /* Base */ = {isa = PBXFileReference; lastKnownFileType = file.storyboard; name = Base; path = Base.lproj/LaunchScreen.storyboard; sourceTree = "<group>"; };
		9130E4901D93047100E10142 /* Info.plist */ = {isa = PBXFileReference; lastKnownFileType = text.plist.xml; path = Info.plist; sourceTree = "<group>"; };
		9130E4951D93047100E10142 /* IBeconTests.xctest */ = {isa = PBXFileReference; explicitFileType = wrapper.cfbundle; includeInIndex = 0; path = IBeconTests.xctest; sourceTree = BUILT_PRODUCTS_DIR; };
		9130E4991D93047100E10142 /* IBeconTests.m */ = {isa = PBXFileReference; lastKnownFileType = sourcecode.c.objc; path = IBeconTests.m; sourceTree = "<group>"; };
		9130E49B1D93047100E10142 /* Info.plist */ = {isa = PBXFileReference; lastKnownFileType = text.plist.xml; path = Info.plist; sourceTree = "<group>"; };
		9130E4A01D93047100E10142 /* IBeconUITests.xctest */ = {isa = PBXFileReference; explicitFileType = wrapper.cfbundle; includeInIndex = 0; path = IBeconUITests.xctest; sourceTree = BUILT_PRODUCTS_DIR; };
		9130E4A41D93047100E10142 /* IBeconUITests.m */ = {isa = PBXFileReference; lastKnownFileType = sourcecode.c.objc; path = IBeconUITests.m; sourceTree = "<group>"; };
		9130E4A61D93047100E10142 /* Info.plist */ = {isa = PBXFileReference; lastKnownFileType = text.plist.xml; path = Info.plist; sourceTree = "<group>"; };
		9130E4B21D93081800E10142 /* IBCLocationManager.h */ = {isa = PBXFileReference; fileEncoding = 4; lastKnownFileType = sourcecode.c.h; path = IBCLocationManager.h; sourceTree = "<group>"; };
		9130E4B31D93081800E10142 /* IBCLocationManager.m */ = {isa = PBXFileReference; fileEncoding = 4; lastKnownFileType = sourcecode.c.objc; path = IBCLocationManager.m; sourceTree = "<group>"; };
		914CEDB11D93322700362A74 /* IBCLaunchScreenViewController.h */ = {isa = PBXFileReference; fileEncoding = 4; lastKnownFileType = sourcecode.c.h; path = IBCLaunchScreenViewController.h; sourceTree = "<group>"; };
		914CEDB21D93322700362A74 /* IBCLaunchScreenViewController.m */ = {isa = PBXFileReference; fileEncoding = 4; lastKnownFileType = sourcecode.c.objc; path = IBCLaunchScreenViewController.m; sourceTree = "<group>"; };
		914CEDB61D9336CB00362A74 /* OLPAPIProcessor.h */ = {isa = PBXFileReference; fileEncoding = 4; lastKnownFileType = sourcecode.c.h; path = OLPAPIProcessor.h; sourceTree = "<group>"; };
		914CEDB71D9336CB00362A74 /* OLPAPIProcessor.m */ = {isa = PBXFileReference; fileEncoding = 4; lastKnownFileType = sourcecode.c.objc; path = OLPAPIProcessor.m; sourceTree = "<group>"; };
		914CEDB81D9336CB00362A74 /* OLPAPIResonse.h */ = {isa = PBXFileReference; fileEncoding = 4; lastKnownFileType = sourcecode.c.h; path = OLPAPIResonse.h; sourceTree = "<group>"; };
		914CEDB91D9336CB00362A74 /* OLPAPIResonse.m */ = {isa = PBXFileReference; fileEncoding = 4; lastKnownFileType = sourcecode.c.objc; path = OLPAPIResonse.m; sourceTree = "<group>"; };
		C89DF366D07839BF70FAF079 /* Pods.debug.xcconfig */ = {isa = PBXFileReference; includeInIndex = 1; lastKnownFileType = text.xcconfig; name = Pods.debug.xcconfig; path = "Pods/Target Support Files/Pods/Pods.debug.xcconfig"; sourceTree = "<group>"; };
/* End PBXFileReference section */

/* Begin PBXFrameworksBuildPhase section */
		9130E4791D93047100E10142 /* Frameworks */ = {
			isa = PBXFrameworksBuildPhase;
			buildActionMask = 2147483647;
			files = (
				E032BB0F68A353A4EDB00C3A /* libPods.a in Frameworks */,
			);
			runOnlyForDeploymentPostprocessing = 0;
		};
		9130E4921D93047100E10142 /* Frameworks */ = {
			isa = PBXFrameworksBuildPhase;
			buildActionMask = 2147483647;
			files = (
			);
			runOnlyForDeploymentPostprocessing = 0;
		};
		9130E49D1D93047100E10142 /* Frameworks */ = {
			isa = PBXFrameworksBuildPhase;
			buildActionMask = 2147483647;
			files = (
			);
			runOnlyForDeploymentPostprocessing = 0;
		};
/* End PBXFrameworksBuildPhase section */

/* Begin PBXGroup section */
		364484AA6F031F0A1A5617AF /* Frameworks */ = {
			isa = PBXGroup;
			children = (
				6C7552C0327DE2E28EE21250 /* libPods.a */,
			);
			name = Frameworks;
			sourceTree = "<group>";
		};
		910E49E91D93422000DC6F07 /* Service */ = {
			isa = PBXGroup;
			children = (
				910E49EA1D93424500DC6F07 /* IBCLoginManager.h */,
				910E49EB1D93424500DC6F07 /* IBCLoginManager.m */,
				9130E4B21D93081800E10142 /* IBCLocationManager.h */,
				9130E4B31D93081800E10142 /* IBCLocationManager.m */,
			);
			name = Service;
			sourceTree = "<group>";
		};
		910E49FD1D93B59E00DC6F07 /* APIGroup */ = {
			isa = PBXGroup;
			children = (
				910E49FE1D93B62200DC6F07 /* IBCOktaAPI.h */,
				910E49FF1D93B62200DC6F07 /* IBCOktaAPI.m */,
			);
			name = APIGroup;
			sourceTree = "<group>";
		};
		910E4A011D93B71300DC6F07 /* Model */ = {
			isa = PBXGroup;
			children = (
				910E4A081D93B77A00DC6F07 /* OLPModel.h */,
				910E4A091D93B77A00DC6F07 /* OLPModel.m */,
				910E4A021D93B73500DC6F07 /* BeconRegions.h */,
				910E4A031D93B73500DC6F07 /* BeconRegions.m */,
				910E4A051D93B74800DC6F07 /* BeconRegion.h */,
				910E4A061D93B74800DC6F07 /* BeconRegion.m */,
				910E4A0B1D943CDB00DC6F07 /* BeconEventPost.h */,
				910E4A0C1D943CDB00DC6F07 /* BeconEventPost.m */,
			);
			name = Model;
			sourceTree = "<group>";
		};
		910E4A111D945A7E00DC6F07 /* Becon List UX */ = {
			isa = PBXGroup;
			children = (
				910E4A0E1D945A7500DC6F07 /* BeconTableViewCell.h */,
				910E4A0F1D945A7500DC6F07 /* BeconTableViewCell.m */,
				910E49F91D93710000DC6F07 /* BeconDevicesTableViewController.h */,
				910E49FA1D93710000DC6F07 /* BeconDevicesTableViewController.m */,
			);
			name = "Becon List UX";
			sourceTree = "<group>";
		};
		9130E4731D93047100E10142 = {
			isa = PBXGroup;
			children = (
				9130E47E1D93047100E10142 /* IBecon */,
				9130E4981D93047100E10142 /* IBeconTests */,
				9130E4A31D93047100E10142 /* IBeconUITests */,
				9130E47D1D93047100E10142 /* Products */,
				F97120BF7ED6AE22EA6B5ADB /* Pods */,
				364484AA6F031F0A1A5617AF /* Frameworks */,
			);
			sourceTree = "<group>";
		};
		9130E47D1D93047100E10142 /* Products */ = {
			isa = PBXGroup;
			children = (
				9130E47C1D93047100E10142 /* IBecon.app */,
				9130E4951D93047100E10142 /* IBeconTests.xctest */,
				9130E4A01D93047100E10142 /* IBeconUITests.xctest */,
			);
			name = Products;
			sourceTree = "<group>";
		};
		9130E47E1D93047100E10142 /* IBecon */ = {
			isa = PBXGroup;
			children = (
				910E49E91D93422000DC6F07 /* Service */,
				914CEDB51D93358300362A74 /* Network */,
				914CEDB41D93323200362A74 /* UX */,
				9130E4821D93047100E10142 /* AppDelegate.h */,
				9130E4831D93047100E10142 /* AppDelegate.m */,
				9130E4881D93047100E10142 /* Main.storyboard */,
				9130E48B1D93047100E10142 /* Assets.xcassets */,
				9130E48D1D93047100E10142 /* LaunchScreen.storyboard */,
				9130E4901D93047100E10142 /* Info.plist */,
				9130E47F1D93047100E10142 /* Supporting Files */,
			);
			path = IBecon;
			sourceTree = "<group>";
		};
		9130E47F1D93047100E10142 /* Supporting Files */ = {
			isa = PBXGroup;
			children = (
				9130E4801D93047100E10142 /* main.m */,
			);
			name = "Supporting Files";
			sourceTree = "<group>";
		};
		9130E4981D93047100E10142 /* IBeconTests */ = {
			isa = PBXGroup;
			children = (
				9130E4991D93047100E10142 /* IBeconTests.m */,
				9130E49B1D93047100E10142 /* Info.plist */,
			);
			path = IBeconTests;
			sourceTree = "<group>";
		};
		9130E4A31D93047100E10142 /* IBeconUITests */ = {
			isa = PBXGroup;
			children = (
				9130E4A41D93047100E10142 /* IBeconUITests.m */,
				9130E4A61D93047100E10142 /* Info.plist */,
			);
			path = IBeconUITests;
			sourceTree = "<group>";
		};
		914CEDB41D93323200362A74 /* UX */ = {
			isa = PBXGroup;
			children = (
				910E4A111D945A7E00DC6F07 /* Becon List UX */,
				910E49F61D93502D00DC6F07 /* OLPConstants.h */,
				910E49F71D93502D00DC6F07 /* OLPConstants.m */,
				910E49F31D934FFF00DC6F07 /* OLPUtils.h */,
				910E49F41D934FFF00DC6F07 /* OLPUtils.m */,
				910E49F01D934F6700DC6F07 /* OLPWindowOverlay.h */,
				910E49F11D934F6700DC6F07 /* OLPWindowOverlay.m */,
				910E49ED1D934E6000DC6F07 /* OLPLoginViewController.h */,
				910E49EE1D934E6000DC6F07 /* OLPLoginViewController.m */,
				914CEDB11D93322700362A74 /* IBCLaunchScreenViewController.h */,
				914CEDB21D93322700362A74 /* IBCLaunchScreenViewController.m */,
			);
			name = UX;
			sourceTree = "<group>";
		};
		914CEDB51D93358300362A74 /* Network */ = {
			isa = PBXGroup;
			children = (
				910E4A011D93B71300DC6F07 /* Model */,
				910E49FD1D93B59E00DC6F07 /* APIGroup */,
				914CEDB61D9336CB00362A74 /* OLPAPIProcessor.h */,
				914CEDB71D9336CB00362A74 /* OLPAPIProcessor.m */,
				914CEDB81D9336CB00362A74 /* OLPAPIResonse.h */,
				914CEDB91D9336CB00362A74 /* OLPAPIResonse.m */,
			);
			name = Network;
			sourceTree = "<group>";
		};
		F97120BF7ED6AE22EA6B5ADB /* Pods */ = {
			isa = PBXGroup;
			children = (
				C89DF366D07839BF70FAF079 /* Pods.debug.xcconfig */,
				3E0E2DA20C5A62E087871E7B /* Pods.release.xcconfig */,
			);
			name = Pods;
			sourceTree = "<group>";
		};
/* End PBXGroup section */

/* Begin PBXNativeTarget section */
		9130E47B1D93047100E10142 /* IBecon */ = {
			isa = PBXNativeTarget;
			buildConfigurationList = 9130E4A91D93047100E10142 /* Build configuration list for PBXNativeTarget "IBecon" */;
			buildPhases = (
				AC50A0CFE3A7CED8B2BEE7CA /* Check Pods Manifest.lock */,
				9130E4781D93047100E10142 /* Sources */,
				9130E4791D93047100E10142 /* Frameworks */,
				9130E47A1D93047100E10142 /* Resources */,
				B409597E810FCC4CCD006174 /* Embed Pods Frameworks */,
				1B9ACC5FD39350FD44317927 /* Copy Pods Resources */,
			);
			buildRules = (
			);
			dependencies = (
			);
			name = IBecon;
			productName = IBecon;
			productReference = 9130E47C1D93047100E10142 /* IBecon.app */;
			productType = "com.apple.product-type.application";
		};
		9130E4941D93047100E10142 /* IBeconTests */ = {
			isa = PBXNativeTarget;
			buildConfigurationList = 9130E4AC1D93047100E10142 /* Build configuration list for PBXNativeTarget "IBeconTests" */;
			buildPhases = (
				9130E4911D93047100E10142 /* Sources */,
				9130E4921D93047100E10142 /* Frameworks */,
				9130E4931D93047100E10142 /* Resources */,
			);
			buildRules = (
			);
			dependencies = (
				9130E4971D93047100E10142 /* PBXTargetDependency */,
			);
			name = IBeconTests;
			productName = IBeconTests;
			productReference = 9130E4951D93047100E10142 /* IBeconTests.xctest */;
			productType = "com.apple.product-type.bundle.unit-test";
		};
		9130E49F1D93047100E10142 /* IBeconUITests */ = {
			isa = PBXNativeTarget;
			buildConfigurationList = 9130E4AF1D93047100E10142 /* Build configuration list for PBXNativeTarget "IBeconUITests" */;
			buildPhases = (
				9130E49C1D93047100E10142 /* Sources */,
				9130E49D1D93047100E10142 /* Frameworks */,
				9130E49E1D93047100E10142 /* Resources */,
			);
			buildRules = (
			);
			dependencies = (
				9130E4A21D93047100E10142 /* PBXTargetDependency */,
			);
			name = IBeconUITests;
			productName = IBeconUITests;
			productReference = 9130E4A01D93047100E10142 /* IBeconUITests.xctest */;
			productType = "com.apple.product-type.bundle.ui-testing";
		};
/* End PBXNativeTarget section */

/* Begin PBXProject section */
		9130E4741D93047100E10142 /* Project object */ = {
			isa = PBXProject;
			attributes = {
				LastUpgradeCheck = 0800;
				ORGANIZATIONNAME = "Umang Shah";
				TargetAttributes = {
					9130E47B1D93047100E10142 = {
						CreatedOnToolsVersion = 8.0;
						DevelopmentTeam = 7WXXBW6Z2Y;
						ProvisioningStyle = Manual;
					};
					9130E4941D93047100E10142 = {
						CreatedOnToolsVersion = 8.0;
						DevelopmentTeam = 7WXXBW6Z2Y;
						ProvisioningStyle = Automatic;
						TestTargetID = 9130E47B1D93047100E10142;
					};
					9130E49F1D93047100E10142 = {
						CreatedOnToolsVersion = 8.0;
						DevelopmentTeam = 7WXXBW6Z2Y;
						ProvisioningStyle = Automatic;
						TestTargetID = 9130E47B1D93047100E10142;
					};
				};
			};
			buildConfigurationList = 9130E4771D93047100E10142 /* Build configuration list for PBXProject "IBecon" */;
			compatibilityVersion = "Xcode 3.2";
			developmentRegion = English;
			hasScannedForEncodings = 0;
			knownRegions = (
				en,
				Base,
			);
			mainGroup = 9130E4731D93047100E10142;
			productRefGroup = 9130E47D1D93047100E10142 /* Products */;
			projectDirPath = "";
			projectRoot = "";
			targets = (
				9130E47B1D93047100E10142 /* IBecon */,
				9130E4941D93047100E10142 /* IBeconTests */,
				9130E49F1D93047100E10142 /* IBeconUITests */,
			);
		};
/* End PBXProject section */

/* Begin PBXResourcesBuildPhase section */
		9130E47A1D93047100E10142 /* Resources */ = {
			isa = PBXResourcesBuildPhase;
			buildActionMask = 2147483647;
			files = (
				9130E48F1D93047100E10142 /* LaunchScreen.storyboard in Resources */,
				9130E48C1D93047100E10142 /* Assets.xcassets in Resources */,
				9130E48A1D93047100E10142 /* Main.storyboard in Resources */,
			);
			runOnlyForDeploymentPostprocessing = 0;
		};
		9130E4931D93047100E10142 /* Resources */ = {
			isa = PBXResourcesBuildPhase;
			buildActionMask = 2147483647;
			files = (
			);
			runOnlyForDeploymentPostprocessing = 0;
		};
		9130E49E1D93047100E10142 /* Resources */ = {
			isa = PBXResourcesBuildPhase;
			buildActionMask = 2147483647;
			files = (
			);
			runOnlyForDeploymentPostprocessing = 0;
		};
/* End PBXResourcesBuildPhase section */

/* Begin PBXShellScriptBuildPhase section */
		1B9ACC5FD39350FD44317927 /* Copy Pods Resources */ = {
			isa = PBXShellScriptBuildPhase;
			buildActionMask = 2147483647;
			files = (
			);
			inputPaths = (
			);
			name = "Copy Pods Resources";
			outputPaths = (
			);
			runOnlyForDeploymentPostprocessing = 0;
			shellPath = /bin/sh;
			shellScript = "\"${SRCROOT}/Pods/Target Support Files/Pods/Pods-resources.sh\"\n";
			showEnvVarsInLog = 0;
		};
		AC50A0CFE3A7CED8B2BEE7CA /* Check Pods Manifest.lock */ = {
			isa = PBXShellScriptBuildPhase;
			buildActionMask = 2147483647;
			files = (
			);
			inputPaths = (
			);
			name = "Check Pods Manifest.lock";
			outputPaths = (
			);
			runOnlyForDeploymentPostprocessing = 0;
			shellPath = /bin/sh;
			shellScript = "diff \"${PODS_ROOT}/../Podfile.lock\" \"${PODS_ROOT}/Manifest.lock\" > /dev/null\nif [[ $? != 0 ]] ; then\n    cat << EOM\nerror: The sandbox is not in sync with the Podfile.lock. Run 'pod install' or update your CocoaPods installation.\nEOM\n    exit 1\nfi\n";
			showEnvVarsInLog = 0;
		};
		B409597E810FCC4CCD006174 /* Embed Pods Frameworks */ = {
			isa = PBXShellScriptBuildPhase;
			buildActionMask = 2147483647;
			files = (
			);
			inputPaths = (
			);
			name = "Embed Pods Frameworks";
			outputPaths = (
			);
			runOnlyForDeploymentPostprocessing = 0;
			shellPath = /bin/sh;
			shellScript = "\"${SRCROOT}/Pods/Target Support Files/Pods/Pods-frameworks.sh\"\n";
			showEnvVarsInLog = 0;
		};
/* End PBXShellScriptBuildPhase section */

/* Begin PBXSourcesBuildPhase section */
		9130E4781D93047100E10142 /* Sources */ = {
			isa = PBXSourcesBuildPhase;
			buildActionMask = 2147483647;
			files = (
				910E49FC1D93A89900DC6F07 /* IBCLoginManager.m in Sources */,
				910E4A0A1D93B77A00DC6F07 /* OLPModel.m in Sources */,
				914CEDBA1D9336CB00362A74 /* OLPAPIProcessor.m in Sources */,
				9130E4B41D93081800E10142 /* IBCLocationManager.m in Sources */,
				910E4A041D93B73500DC6F07 /* BeconRegions.m in Sources */,
				910E49EF1D934E6000DC6F07 /* OLPLoginViewController.m in Sources */,
				9130E4841D93047100E10142 /* AppDelegate.m in Sources */,
				9130E4811D93047100E10142 /* main.m in Sources */,
				910E49FB1D93710000DC6F07 /* BeconDevicesTableViewController.m in Sources */,
				910E4A071D93B74800DC6F07 /* BeconRegion.m in Sources */,
				914CEDBB1D9336CB00362A74 /* OLPAPIResonse.m in Sources */,
				910E4A101D945A7500DC6F07 /* BeconTableViewCell.m in Sources */,
				910E49F21D934F6700DC6F07 /* OLPWindowOverlay.m in Sources */,
				910E49F81D93502D00DC6F07 /* OLPConstants.m in Sources */,
				910E4A001D93B62200DC6F07 /* IBCOktaAPI.m in Sources */,
				910E4A0D1D943CDB00DC6F07 /* BeconEventPost.m in Sources */,
				914CEDB31D93322700362A74 /* IBCLaunchScreenViewController.m in Sources */,
				910E49F51D934FFF00DC6F07 /* OLPUtils.m in Sources */,
			);
			runOnlyForDeploymentPostprocessing = 0;
		};
		9130E4911D93047100E10142 /* Sources */ = {
			isa = PBXSourcesBuildPhase;
			buildActionMask = 2147483647;
			files = (
				9130E49A1D93047100E10142 /* IBeconTests.m in Sources */,
			);
			runOnlyForDeploymentPostprocessing = 0;
		};
		9130E49C1D93047100E10142 /* Sources */ = {
			isa = PBXSourcesBuildPhase;
			buildActionMask = 2147483647;
			files = (
				9130E4A51D93047100E10142 /* IBeconUITests.m in Sources */,
			);
			runOnlyForDeploymentPostprocessing = 0;
		};
/* End PBXSourcesBuildPhase section */

/* Begin PBXTargetDependency section */
		9130E4971D93047100E10142 /* PBXTargetDependency */ = {
			isa = PBXTargetDependency;
			target = 9130E47B1D93047100E10142 /* IBecon */;
			targetProxy = 9130E4961D93047100E10142 /* PBXContainerItemProxy */;
		};
		9130E4A21D93047100E10142 /* PBXTargetDependency */ = {
			isa = PBXTargetDependency;
			target = 9130E47B1D93047100E10142 /* IBecon */;
			targetProxy = 9130E4A11D93047100E10142 /* PBXContainerItemProxy */;
		};
/* End PBXTargetDependency section */

/* Begin PBXVariantGroup section */
		9130E4881D93047100E10142 /* Main.storyboard */ = {
			isa = PBXVariantGroup;
			children = (
				9130E4891D93047100E10142 /* Base */,
			);
			name = Main.storyboard;
			sourceTree = "<group>";
		};
		9130E48D1D93047100E10142 /* LaunchScreen.storyboard */ = {
			isa = PBXVariantGroup;
			children = (
				9130E48E1D93047100E10142 /* Base */,
			);
			name = LaunchScreen.storyboard;
			sourceTree = "<group>";
		};
/* End PBXVariantGroup section */

/* Begin XCBuildConfiguration section */
		9130E4A71D93047100E10142 /* Debug */ = {
			isa = XCBuildConfiguration;
			buildSettings = {
				ALWAYS_SEARCH_USER_PATHS = NO;
				CLANG_ANALYZER_NONNULL = YES;
				CLANG_CXX_LANGUAGE_STANDARD = "gnu++0x";
				CLANG_CXX_LIBRARY = "libc++";
				CLANG_ENABLE_MODULES = YES;
				CLANG_ENABLE_OBJC_ARC = YES;
				CLANG_WARN_BOOL_CONVERSION = YES;
				CLANG_WARN_CONSTANT_CONVERSION = YES;
				CLANG_WARN_DIRECT_OBJC_ISA_USAGE = YES_ERROR;
				CLANG_WARN_DOCUMENTATION_COMMENTS = YES;
				CLANG_WARN_EMPTY_BODY = YES;
				CLANG_WARN_ENUM_CONVERSION = YES;
				CLANG_WARN_INFINITE_RECURSION = YES;
				CLANG_WARN_INT_CONVERSION = YES;
				CLANG_WARN_OBJC_ROOT_CLASS = YES_ERROR;
				CLANG_WARN_SUSPICIOUS_MOVES = YES;
				CLANG_WARN_UNREACHABLE_CODE = YES;
				CLANG_WARN__DUPLICATE_METHOD_MATCH = YES;
				"CODE_SIGN_IDENTITY[sdk=iphoneos*]" = "iPhone Developer";
				COPY_PHASE_STRIP = NO;
				DEBUG_INFORMATION_FORMAT = dwarf;
				ENABLE_STRICT_OBJC_MSGSEND = YES;
				ENABLE_TESTABILITY = YES;
				GCC_C_LANGUAGE_STANDARD = gnu99;
				GCC_DYNAMIC_NO_PIC = NO;
				GCC_NO_COMMON_BLOCKS = YES;
				GCC_OPTIMIZATION_LEVEL = 0;
				GCC_PREPROCESSOR_DEFINITIONS = (
					"DEBUG=1",
					"$(inherited)",
				);
				GCC_WARN_64_TO_32_BIT_CONVERSION = YES;
				GCC_WARN_ABOUT_RETURN_TYPE = YES_ERROR;
				GCC_WARN_UNDECLARED_SELECTOR = YES;
				GCC_WARN_UNINITIALIZED_AUTOS = YES_AGGRESSIVE;
				GCC_WARN_UNUSED_FUNCTION = YES;
				GCC_WARN_UNUSED_VARIABLE = YES;
				IPHONEOS_DEPLOYMENT_TARGET = 9.0;
				MTL_ENABLE_DEBUG_INFO = YES;
				ONLY_ACTIVE_ARCH = YES;
				SDKROOT = iphoneos;
				TARGETED_DEVICE_FAMILY = "1,2";
			};
			name = Debug;
		};
		9130E4A81D93047100E10142 /* Release */ = {
			isa = XCBuildConfiguration;
			buildSettings = {
				ALWAYS_SEARCH_USER_PATHS = NO;
				CLANG_ANALYZER_NONNULL = YES;
				CLANG_CXX_LANGUAGE_STANDARD = "gnu++0x";
				CLANG_CXX_LIBRARY = "libc++";
				CLANG_ENABLE_MODULES = YES;
				CLANG_ENABLE_OBJC_ARC = YES;
				CLANG_WARN_BOOL_CONVERSION = YES;
				CLANG_WARN_CONSTANT_CONVERSION = YES;
				CLANG_WARN_DIRECT_OBJC_ISA_USAGE = YES_ERROR;
				CLANG_WARN_DOCUMENTATION_COMMENTS = YES;
				CLANG_WARN_EMPTY_BODY = YES;
				CLANG_WARN_ENUM_CONVERSION = YES;
				CLANG_WARN_INFINITE_RECURSION = YES;
				CLANG_WARN_INT_CONVERSION = YES;
				CLANG_WARN_OBJC_ROOT_CLASS = YES_ERROR;
				CLANG_WARN_SUSPICIOUS_MOVES = YES;
				CLANG_WARN_UNREACHABLE_CODE = YES;
				CLANG_WARN__DUPLICATE_METHOD_MATCH = YES;
				"CODE_SIGN_IDENTITY[sdk=iphoneos*]" = "iPhone Developer";
				COPY_PHASE_STRIP = NO;
				DEBUG_INFORMATION_FORMAT = "dwarf-with-dsym";
				ENABLE_NS_ASSERTIONS = NO;
				ENABLE_STRICT_OBJC_MSGSEND = YES;
				GCC_C_LANGUAGE_STANDARD = gnu99;
				GCC_NO_COMMON_BLOCKS = YES;
				GCC_WARN_64_TO_32_BIT_CONVERSION = YES;
				GCC_WARN_ABOUT_RETURN_TYPE = YES_ERROR;
				GCC_WARN_UNDECLARED_SELECTOR = YES;
				GCC_WARN_UNINITIALIZED_AUTOS = YES_AGGRESSIVE;
				GCC_WARN_UNUSED_FUNCTION = YES;
				GCC_WARN_UNUSED_VARIABLE = YES;
				IPHONEOS_DEPLOYMENT_TARGET = 9.0;
				MTL_ENABLE_DEBUG_INFO = NO;
				SDKROOT = iphoneos;
				TARGETED_DEVICE_FAMILY = "1,2";
				VALIDATE_PRODUCT = YES;
			};
			name = Release;
		};
		9130E4AA1D93047100E10142 /* Debug */ = {
			isa = XCBuildConfiguration;
			baseConfigurationReference = C89DF366D07839BF70FAF079 /* Pods.debug.xcconfig */;
			buildSettings = {
				ASSETCATALOG_COMPILER_APPICON_NAME = AppIcon;
				DEVELOPMENT_TEAM = 7WXXBW6Z2Y;
				INFOPLIST_FILE = IBecon/Info.plist;
				LD_RUNPATH_SEARCH_PATHS = "$(inherited) @executable_path/Frameworks";
				PRODUCT_BUNDLE_IDENTIFIER = com.okta.mobile.internalrelease;
				PRODUCT_NAME = "$(TARGET_NAME)";
				PROVISIONING_PROFILE = "96fedb2d-6df2-43b9-886e-8583c350024f";
				PROVISIONING_PROFILE_SPECIFIER = "Okta Verify Shared Debug";
			};
			name = Debug;
		};
		9130E4AB1D93047100E10142 /* Release */ = {
			isa = XCBuildConfiguration;
			baseConfigurationReference = 3E0E2DA20C5A62E087871E7B /* Pods.release.xcconfig */;
			buildSettings = {
				ASSETCATALOG_COMPILER_APPICON_NAME = AppIcon;
				DEVELOPMENT_TEAM = "";
				INFOPLIST_FILE = IBecon/Info.plist;
				LD_RUNPATH_SEARCH_PATHS = "$(inherited) @executable_path/Frameworks";
				PRODUCT_BUNDLE_IDENTIFIER = com.okta.mobile.internalrelease;
				PRODUCT_NAME = "$(TARGET_NAME)";
			};
			name = Release;
		};
		9130E4AD1D93047100E10142 /* Debug */ = {
			isa = XCBuildConfiguration;
			buildSettings = {
				BUNDLE_LOADER = "$(TEST_HOST)";
				DEVELOPMENT_TEAM = 7WXXBW6Z2Y;
				INFOPLIST_FILE = IBeconTests/Info.plist;
				LD_RUNPATH_SEARCH_PATHS = "$(inherited) @executable_path/Frameworks @loader_path/Frameworks";
				PRODUCT_BUNDLE_IDENTIFIER = com.okta.IBeconTests;
				PRODUCT_NAME = "$(TARGET_NAME)";
				TEST_HOST = "$(BUILT_PRODUCTS_DIR)/IBecon.app/IBecon";
			};
			name = Debug;
		};
		9130E4AE1D93047100E10142 /* Release */ = {
			isa = XCBuildConfiguration;
			buildSettings = {
				BUNDLE_LOADER = "$(TEST_HOST)";
				DEVELOPMENT_TEAM = 7WXXBW6Z2Y;
				INFOPLIST_FILE = IBeconTests/Info.plist;
				LD_RUNPATH_SEARCH_PATHS = "$(inherited) @executable_path/Frameworks @loader_path/Frameworks";
				PRODUCT_BUNDLE_IDENTIFIER = com.okta.IBeconTests;
				PRODUCT_NAME = "$(TARGET_NAME)";
				TEST_HOST = "$(BUILT_PRODUCTS_DIR)/IBecon.app/IBecon";
			};
			name = Release;
		};
		9130E4B01D93047100E10142 /* Debug */ = {
			isa = XCBuildConfiguration;
			buildSettings = {
				DEVELOPMENT_TEAM = 7WXXBW6Z2Y;
				INFOPLIST_FILE = IBeconUITests/Info.plist;
				LD_RUNPATH_SEARCH_PATHS = "$(inherited) @executable_path/Frameworks @loader_path/Frameworks";
				PRODUCT_BUNDLE_IDENTIFIER = com.okta.IBeconUITests;
				PRODUCT_NAME = "$(TARGET_NAME)";
				TEST_TARGET_NAME = IBecon;
			};
			name = Debug;
		};
		9130E4B11D93047100E10142 /* Release */ = {
			isa = XCBuildConfiguration;
			buildSettings = {
				DEVELOPMENT_TEAM = 7WXXBW6Z2Y;
				INFOPLIST_FILE = IBeconUITests/Info.plist;
				LD_RUNPATH_SEARCH_PATHS = "$(inherited) @executable_path/Frameworks @loader_path/Frameworks";
				PRODUCT_BUNDLE_IDENTIFIER = com.okta.IBeconUITests;
				PRODUCT_NAME = "$(TARGET_NAME)";
				TEST_TARGET_NAME = IBecon;
			};
			name = Release;
		};
/* End XCBuildConfiguration section */

/* Begin XCConfigurationList section */
		9130E4771D93047100E10142 /* Build configuration list for PBXProject "IBecon" */ = {
			isa = XCConfigurationList;
			buildConfigurations = (
				9130E4A71D93047100E10142 /* Debug */,
				9130E4A81D93047100E10142 /* Release */,
			);
			defaultConfigurationIsVisible = 0;
			defaultConfigurationName = Release;
		};
		9130E4A91D93047100E10142 /* Build configuration list for PBXNativeTarget "IBecon" */ = {
			isa = XCConfigurationList;
			buildConfigurations = (
				9130E4AA1D93047100E10142 /* Debug */,
				9130E4AB1D93047100E10142 /* Release */,
			);
			defaultConfigurationIsVisible = 0;
			defaultConfigurationName = Release;
		};
		9130E4AC1D93047100E10142 /* Build configuration list for PBXNativeTarget "IBeconTests" */ = {
			isa = XCConfigurationList;
			buildConfigurations = (
				9130E4AD1D93047100E10142 /* Debug */,
				9130E4AE1D93047100E10142 /* Release */,
			);
			defaultConfigurationIsVisible = 0;
			defaultConfigurationName = Release;
		};
		9130E4AF1D93047100E10142 /* Build configuration list for PBXNativeTarget "IBeconUITests" */ = {
			isa = XCConfigurationList;
			buildConfigurations = (
				9130E4B01D93047100E10142 /* Debug */,
				9130E4B11D93047100E10142 /* Release */,
			);
			defaultConfigurationIsVisible = 0;
			defaultConfigurationName = Release;
		};
/* End XCConfigurationList section */
	};
	rootObject = 9130E4741D93047100E10142 /* Project object */;
}
